<?xml version="1.0" encoding="utf-8"?>
<Project ToolsVersion="17.0" xmlns="http://schemas.microsoft.com/developer/msbuild/2003">
  <ItemGroup>
    <CustomBuild Include="C:\Users\ventr\OneDrive\Documents\bin_Visual2022_64bits\CMakeFiles\02853421c4be7377b17dbbc453107110\INSTALL_force.rule">
      <Filter>CMake Rules</Filter>
    </CustomBuild>
  </ItemGroup>
  <ItemGroup>
    <Filter Include="CMake Rules">
      <UniqueIdentifier>{64319DA0-4C0B-3496-B6B2-EEA6687F6598}</UniqueIdentifier>
    </Filter>
  </ItemGroup>
</Project>
