
Microsoft Visual Studio Solution File, Format Version 12.00
# Visual Studio Version 17
Project("{2150E333-8FDC-42A3-9474-1A3956D46DE8}") = "CMakePredefinedTargets", "CMakePredefinedTargets", "{1194E9CC-6630-325E-9805-0831FF682489}"
EndProject
Project("{2150E333-8FDC-42A3-9474-1A3956D46DE8}") = "GLFW3", "GLFW3", "{23A2CCD2-964C-347B-B5EF-4D2425476067}"
EndProject
Project("{2150E333-8FDC-42A3-9474-1A3956D46DE8}") = "Examples", "GLFW3\Examples", "{2D5F9F42-0E27-30EA-B0D7-C4A9E31732C5}"
EndProject
Project("{2150E333-8FDC-42A3-9474-1A3956D46DE8}") = "Tests", "GLFW3\Tests", "{AE9C550B-3F91-3470-93FB-38F8E5FD492D}"
EndProject
Project("{8BC9CEB8-8B4A-11D0-8D11-00A0C91BC942}") = "ALL_BUILD", "ALL_BUILD.vcxproj", "{54C6D3F1-6C10-34A2-B389-C707FA7C79B9}"
	ProjectSection(ProjectDependencies) = postProject
		{C7F48CCD-21D4-36D2-AFC7-4E09F6DCE33A} = {C7F48CCD-21D4-36D2-AFC7-4E09F6DCE33A}
		{7FF53887-F113-34BF-8AD5-F57D7CFF7B79} = {7FF53887-F113-34BF-8AD5-F57D7CFF7B79}
		{9DDA3378-B720-34E7-962C-56B9CEE50EFC} = {9DDA3378-B720-34E7-962C-56B9CEE50EFC}
		{967BE294-54FE-3D23-BF0C-2BCADA64FEDC} = {967BE294-54FE-3D23-BF0C-2BCADA64FEDC}
		{5FEA9FB5-988D-336A-A816-84509DD79D47} = {5FEA9FB5-988D-336A-A816-84509DD79D47}
		{91DE2EEE-A66B-3AC1-A3CB-CABF7D3BC020} = {91DE2EEE-A66B-3AC1-A3CB-CABF7D3BC020}
		{A043A080-6DDE-3E9A-AE65-F239B952B440} = {A043A080-6DDE-3E9A-AE65-F239B952B440}
		{ED3A7EF4-61DE-3AB4-9AE4-BDE18F6A20D4} = {ED3A7EF4-61DE-3AB4-9AE4-BDE18F6A20D4}
		{A3471A85-027F-3D4F-9A81-969773032251} = {A3471A85-027F-3D4F-9A81-969773032251}
		{9A39C880-9193-3B53-AD45-4CBE86ADF582} = {9A39C880-9193-3B53-AD45-4CBE86ADF582}
		{3A430DCA-E849-396C-85FD-E0DF137F369C} = {3A430DCA-E849-396C-85FD-E0DF137F369C}
		{AC350C2E-08AE-312B-8C48-1B827A5465E8} = {AC350C2E-08AE-312B-8C48-1B827A5465E8}
		{A2C4339A-0369-3FE0-BA3B-B89F7AA69367} = {A2C4339A-0369-3FE0-BA3B-B89F7AA69367}
		{299506C9-B6E2-33FF-A6F6-F2FC60A6D328} = {299506C9-B6E2-33FF-A6F6-F2FC60A6D328}
		{BCF1E786-3005-36F5-BECC-9AC4697E3A3C} = {BCF1E786-3005-36F5-BECC-9AC4697E3A3C}
		{D838DAEC-3058-3FC2-B6C9-43782144A534} = {D838DAEC-3058-3FC2-B6C9-43782144A534}
		{683BAD4A-11EF-3F1E-9A4B-4D129294EA6C} = {683BAD4A-11EF-3F1E-9A4B-4D129294EA6C}
		{19DFA968-81CF-3466-BF50-4A5E7AA2B398} = {19DFA968-81CF-3466-BF50-4A5E7AA2B398}
		{9CADCC32-AC76-312D-AD00-CF3DEB347783} = {9CADCC32-AC76-312D-AD00-CF3DEB347783}
		{DDA3D488-2EA8-3468-856B-DBAC95EDE1AA} = {DDA3D488-2EA8-3468-856B-DBAC95EDE1AA}
		{1C79941D-0B78-3D23-BD58-6834384C857F} = {1C79941D-0B78-3D23-BD58-6834384C857F}
		{AD16433D-67D9-3AF3-ABC4-4BEF51650A7C} = {AD16433D-67D9-3AF3-ABC4-4BEF51650A7C}
		{3EB558CC-8A30-3593-9D65-07DF205423E2} = {3EB558CC-8A30-3593-9D65-07DF205423E2}
		{977BE5A8-BB93-34D9-99D6-A33AE352D559} = {977BE5A8-BB93-34D9-99D6-A33AE352D559}
		{6A84715D-B799-3A53-BD3C-E9A7BD5A934A} = {6A84715D-B799-3A53-BD3C-E9A7BD5A934A}
	EndProjectSection
EndProject
Project("{8BC9CEB8-8B4A-11D0-8D11-00A0C91BC942}") = "INSTALL", "INSTALL.vcxproj", "{663EF24A-E2C2-3C30-989B-A2F1080C9B4E}"
	ProjectSection(ProjectDependencies) = postProject
		{54C6D3F1-6C10-34A2-B389-C707FA7C79B9} = {54C6D3F1-6C10-34A2-B389-C707FA7C79B9}
		{C7F48CCD-21D4-36D2-AFC7-4E09F6DCE33A} = {C7F48CCD-21D4-36D2-AFC7-4E09F6DCE33A}
	EndProjectSection
EndProject
Project("{8BC9CEB8-8B4A-11D0-8D11-00A0C91BC942}") = "ZERO_CHECK", "..\..\\ZERO_CHECK.vcxproj", "{C7F48CCD-21D4-36D2-AFC7-4E09F6DCE33A}"
	ProjectSection(ProjectDependencies) = postProject
	EndProjectSection
EndProject
Project("{8BC9CEB8-8B4A-11D0-8D11-00A0C91BC942}") = "boing", "examples\boing.vcxproj", "{7FF53887-F113-34BF-8AD5-F57D7CFF7B79}"
	ProjectSection(ProjectDependencies) = postProject
		{C7F48CCD-21D4-36D2-AFC7-4E09F6DCE33A} = {C7F48CCD-21D4-36D2-AFC7-4E09F6DCE33A}
		{A3471A85-027F-3D4F-9A81-969773032251} = {A3471A85-027F-3D4F-9A81-969773032251}
	EndProjectSection
EndProject
Project("{8BC9CEB8-8B4A-11D0-8D11-00A0C91BC942}") = "clipboard", "tests\clipboard.vcxproj", "{9DDA3378-B720-34E7-962C-56B9CEE50EFC}"
	ProjectSection(ProjectDependencies) = postProject
		{C7F48CCD-21D4-36D2-AFC7-4E09F6DCE33A} = {C7F48CCD-21D4-36D2-AFC7-4E09F6DCE33A}
		{A3471A85-027F-3D4F-9A81-969773032251} = {A3471A85-027F-3D4F-9A81-969773032251}
	EndProjectSection
EndProject
Project("{8BC9CEB8-8B4A-11D0-8D11-00A0C91BC942}") = "cursor", "tests\cursor.vcxproj", "{967BE294-54FE-3D23-BF0C-2BCADA64FEDC}"
	ProjectSection(ProjectDependencies) = postProject
		{C7F48CCD-21D4-36D2-AFC7-4E09F6DCE33A} = {C7F48CCD-21D4-36D2-AFC7-4E09F6DCE33A}
		{A3471A85-027F-3D4F-9A81-969773032251} = {A3471A85-027F-3D4F-9A81-969773032251}
	EndProjectSection
EndProject
Project("{8BC9CEB8-8B4A-11D0-8D11-00A0C91BC942}") = "empty", "tests\empty.vcxproj", "{5FEA9FB5-988D-336A-A816-84509DD79D47}"
	ProjectSection(ProjectDependencies) = postProject
		{C7F48CCD-21D4-36D2-AFC7-4E09F6DCE33A} = {C7F48CCD-21D4-36D2-AFC7-4E09F6DCE33A}
		{A3471A85-027F-3D4F-9A81-969773032251} = {A3471A85-027F-3D4F-9A81-969773032251}
	EndProjectSection
EndProject
Project("{8BC9CEB8-8B4A-11D0-8D11-00A0C91BC942}") = "events", "tests\events.vcxproj", "{91DE2EEE-A66B-3AC1-A3CB-CABF7D3BC020}"
	ProjectSection(ProjectDependencies) = postProject
		{C7F48CCD-21D4-36D2-AFC7-4E09F6DCE33A} = {C7F48CCD-21D4-36D2-AFC7-4E09F6DCE33A}
		{A3471A85-027F-3D4F-9A81-969773032251} = {A3471A85-027F-3D4F-9A81-969773032251}
	EndProjectSection
EndProject
Project("{8BC9CEB8-8B4A-11D0-8D11-00A0C91BC942}") = "gamma", "tests\gamma.vcxproj", "{A043A080-6DDE-3E9A-AE65-F239B952B440}"
	ProjectSection(ProjectDependencies) = postProject
		{C7F48CCD-21D4-36D2-AFC7-4E09F6DCE33A} = {C7F48CCD-21D4-36D2-AFC7-4E09F6DCE33A}
		{A3471A85-027F-3D4F-9A81-969773032251} = {A3471A85-027F-3D4F-9A81-969773032251}
	EndProjectSection
EndProject
Project("{8BC9CEB8-8B4A-11D0-8D11-00A0C91BC942}") = "gears", "examples\gears.vcxproj", "{ED3A7EF4-61DE-3AB4-9AE4-BDE18F6A20D4}"
	ProjectSection(ProjectDependencies) = postProject
		{C7F48CCD-21D4-36D2-AFC7-4E09F6DCE33A} = {C7F48CCD-21D4-36D2-AFC7-4E09F6DCE33A}
		{A3471A85-027F-3D4F-9A81-969773032251} = {A3471A85-027F-3D4F-9A81-969773032251}
	EndProjectSection
EndProject
Project("{8BC9CEB8-8B4A-11D0-8D11-00A0C91BC942}") = "glfw", "src\glfw.vcxproj", "{A3471A85-027F-3D4F-9A81-969773032251}"
	ProjectSection(ProjectDependencies) = postProject
		{C7F48CCD-21D4-36D2-AFC7-4E09F6DCE33A} = {C7F48CCD-21D4-36D2-AFC7-4E09F6DCE33A}
	EndProjectSection
EndProject
Project("{8BC9CEB8-8B4A-11D0-8D11-00A0C91BC942}") = "glfwinfo", "tests\glfwinfo.vcxproj", "{9A39C880-9193-3B53-AD45-4CBE86ADF582}"
	ProjectSection(ProjectDependencies) = postProject
		{C7F48CCD-21D4-36D2-AFC7-4E09F6DCE33A} = {C7F48CCD-21D4-36D2-AFC7-4E09F6DCE33A}
		{A3471A85-027F-3D4F-9A81-969773032251} = {A3471A85-027F-3D4F-9A81-969773032251}
	EndProjectSection
EndProject
Project("{8BC9CEB8-8B4A-11D0-8D11-00A0C91BC942}") = "heightmap", "examples\heightmap.vcxproj", "{3A430DCA-E849-396C-85FD-E0DF137F369C}"
	ProjectSection(ProjectDependencies) = postProject
		{C7F48CCD-21D4-36D2-AFC7-4E09F6DCE33A} = {C7F48CCD-21D4-36D2-AFC7-4E09F6DCE33A}
		{A3471A85-027F-3D4F-9A81-969773032251} = {A3471A85-027F-3D4F-9A81-969773032251}
	EndProjectSection
EndProject
Project("{8BC9CEB8-8B4A-11D0-8D11-00A0C91BC942}") = "iconify", "tests\iconify.vcxproj", "{AC350C2E-08AE-312B-8C48-1B827A5465E8}"
	ProjectSection(ProjectDependencies) = postProject
		{C7F48CCD-21D4-36D2-AFC7-4E09F6DCE33A} = {C7F48CCD-21D4-36D2-AFC7-4E09F6DCE33A}
		{A3471A85-027F-3D4F-9A81-969773032251} = {A3471A85-027F-3D4F-9A81-969773032251}
	EndProjectSection
EndProject
Project("{8BC9CEB8-8B4A-11D0-8D11-00A0C91BC942}") = "joysticks", "tests\joysticks.vcxproj", "{A2C4339A-0369-3FE0-BA3B-B89F7AA69367}"
	ProjectSection(ProjectDependencies) = postProject
		{C7F48CCD-21D4-36D2-AFC7-4E09F6DCE33A} = {C7F48CCD-21D4-36D2-AFC7-4E09F6DCE33A}
		{A3471A85-027F-3D4F-9A81-969773032251} = {A3471A85-027F-3D4F-9A81-969773032251}
	EndProjectSection
EndProject
Project("{8BC9CEB8-8B4A-11D0-8D11-00A0C91BC942}") = "monitors", "tests\monitors.vcxproj", "{299506C9-B6E2-33FF-A6F6-F2FC60A6D328}"
	ProjectSection(ProjectDependencies) = postProject
		{C7F48CCD-21D4-36D2-AFC7-4E09F6DCE33A} = {C7F48CCD-21D4-36D2-AFC7-4E09F6DCE33A}
		{A3471A85-027F-3D4F-9A81-969773032251} = {A3471A85-027F-3D4F-9A81-969773032251}
	EndProjectSection
EndProject
Project("{8BC9CEB8-8B4A-11D0-8D11-00A0C91BC942}") = "msaa", "tests\msaa.vcxproj", "{BCF1E786-3005-36F5-BECC-9AC4697E3A3C}"
	ProjectSection(ProjectDependencies) = postProject
		{C7F48CCD-21D4-36D2-AFC7-4E09F6DCE33A} = {C7F48CCD-21D4-36D2-AFC7-4E09F6DCE33A}
		{A3471A85-027F-3D4F-9A81-969773032251} = {A3471A85-027F-3D4F-9A81-969773032251}
	EndProjectSection
EndProject
Project("{8BC9CEB8-8B4A-11D0-8D11-00A0C91BC942}") = "particles", "examples\particles.vcxproj", "{D838DAEC-3058-3FC2-B6C9-43782144A534}"
	ProjectSection(ProjectDependencies) = postProject
		{C7F48CCD-21D4-36D2-AFC7-4E09F6DCE33A} = {C7F48CCD-21D4-36D2-AFC7-4E09F6DCE33A}
		{A3471A85-027F-3D4F-9A81-969773032251} = {A3471A85-027F-3D4F-9A81-969773032251}
	EndProjectSection
EndProject
Project("{8BC9CEB8-8B4A-11D0-8D11-00A0C91BC942}") = "reopen", "tests\reopen.vcxproj", "{683BAD4A-11EF-3F1E-9A4B-4D129294EA6C}"
	ProjectSection(ProjectDependencies) = postProject
		{C7F48CCD-21D4-36D2-AFC7-4E09F6DCE33A} = {C7F48CCD-21D4-36D2-AFC7-4E09F6DCE33A}
		{A3471A85-027F-3D4F-9A81-969773032251} = {A3471A85-027F-3D4F-9A81-969773032251}
	EndProjectSection
EndProject
Project("{8BC9CEB8-8B4A-11D0-8D11-00A0C91BC942}") = "sharing", "tests\sharing.vcxproj", "{19DFA968-81CF-3466-BF50-4A5E7AA2B398}"
	ProjectSection(ProjectDependencies) = postProject
		{C7F48CCD-21D4-36D2-AFC7-4E09F6DCE33A} = {C7F48CCD-21D4-36D2-AFC7-4E09F6DCE33A}
		{A3471A85-027F-3D4F-9A81-969773032251} = {A3471A85-027F-3D4F-9A81-969773032251}
	EndProjectSection
EndProject
Project("{8BC9CEB8-8B4A-11D0-8D11-00A0C91BC942}") = "simple", "examples\simple.vcxproj", "{9CADCC32-AC76-312D-AD00-CF3DEB347783}"
	ProjectSection(ProjectDependencies) = postProject
		{C7F48CCD-21D4-36D2-AFC7-4E09F6DCE33A} = {C7F48CCD-21D4-36D2-AFC7-4E09F6DCE33A}
		{A3471A85-027F-3D4F-9A81-969773032251} = {A3471A85-027F-3D4F-9A81-969773032251}
	EndProjectSection
EndProject
Project("{8BC9CEB8-8B4A-11D0-8D11-00A0C91BC942}") = "splitview", "examples\splitview.vcxproj", "{DDA3D488-2EA8-3468-856B-DBAC95EDE1AA}"
	ProjectSection(ProjectDependencies) = postProject
		{C7F48CCD-21D4-36D2-AFC7-4E09F6DCE33A} = {C7F48CCD-21D4-36D2-AFC7-4E09F6DCE33A}
		{A3471A85-027F-3D4F-9A81-969773032251} = {A3471A85-027F-3D4F-9A81-969773032251}
	EndProjectSection
EndProject
Project("{8BC9CEB8-8B4A-11D0-8D11-00A0C91BC942}") = "tearing", "tests\tearing.vcxproj", "{1C79941D-0B78-3D23-BD58-6834384C857F}"
	ProjectSection(ProjectDependencies) = postProject
		{C7F48CCD-21D4-36D2-AFC7-4E09F6DCE33A} = {C7F48CCD-21D4-36D2-AFC7-4E09F6DCE33A}
		{A3471A85-027F-3D4F-9A81-969773032251} = {A3471A85-027F-3D4F-9A81-969773032251}
	EndProjectSection
EndProject
Project("{8BC9CEB8-8B4A-11D0-8D11-00A0C91BC942}") = "threads", "tests\threads.vcxproj", "{AD16433D-67D9-3AF3-ABC4-4BEF51650A7C}"
	ProjectSection(ProjectDependencies) = postProject
		{C7F48CCD-21D4-36D2-AFC7-4E09F6DCE33A} = {C7F48CCD-21D4-36D2-AFC7-4E09F6DCE33A}
		{A3471A85-027F-3D4F-9A81-969773032251} = {A3471A85-027F-3D4F-9A81-969773032251}
	EndProjectSection
EndProject
Project("{8BC9CEB8-8B4A-11D0-8D11-00A0C91BC942}") = "title", "tests\title.vcxproj", "{3EB558CC-8A30-3593-9D65-07DF205423E2}"
	ProjectSection(ProjectDependencies) = postProject
		{C7F48CCD-21D4-36D2-AFC7-4E09F6DCE33A} = {C7F48CCD-21D4-36D2-AFC7-4E09F6DCE33A}
		{A3471A85-027F-3D4F-9A81-969773032251} = {A3471A85-027F-3D4F-9A81-969773032251}
	EndProjectSection
EndProject
Project("{8BC9CEB8-8B4A-11D0-8D11-00A0C91BC942}") = "uninstall", "uninstall.vcxproj", "{4D10BD4A-983D-3ECE-B24D-BBD1C3A033AA}"
	ProjectSection(ProjectDependencies) = postProject
		{C7F48CCD-21D4-36D2-AFC7-4E09F6DCE33A} = {C7F48CCD-21D4-36D2-AFC7-4E09F6DCE33A}
	EndProjectSection
EndProject
Project("{8BC9CEB8-8B4A-11D0-8D11-00A0C91BC942}") = "wave", "examples\wave.vcxproj", "{977BE5A8-BB93-34D9-99D6-A33AE352D559}"
	ProjectSection(ProjectDependencies) = postProject
		{C7F48CCD-21D4-36D2-AFC7-4E09F6DCE33A} = {C7F48CCD-21D4-36D2-AFC7-4E09F6DCE33A}
		{A3471A85-027F-3D4F-9A81-969773032251} = {A3471A85-027F-3D4F-9A81-969773032251}
	EndProjectSection
EndProject
Project("{8BC9CEB8-8B4A-11D0-8D11-00A0C91BC942}") = "windows", "tests\windows.vcxproj", "{6A84715D-B799-3A53-BD3C-E9A7BD5A934A}"
	ProjectSection(ProjectDependencies) = postProject
		{C7F48CCD-21D4-36D2-AFC7-4E09F6DCE33A} = {C7F48CCD-21D4-36D2-AFC7-4E09F6DCE33A}
		{A3471A85-027F-3D4F-9A81-969773032251} = {A3471A85-027F-3D4F-9A81-969773032251}
	EndProjectSection
EndProject
Global
	GlobalSection(SolutionConfigurationPlatforms) = preSolution
		Debug|x64 = Debug|x64
		Release|x64 = Release|x64
		MinSizeRel|x64 = MinSizeRel|x64
		RelWithDebInfo|x64 = RelWithDebInfo|x64
	EndGlobalSection
	GlobalSection(ProjectConfigurationPlatforms) = postSolution
		{54C6D3F1-6C10-34A2-B389-C707FA7C79B9}.Debug|x64.ActiveCfg = Debug|x64
		{54C6D3F1-6C10-34A2-B389-C707FA7C79B9}.Debug|x64.Build.0 = Debug|x64
		{54C6D3F1-6C10-34A2-B389-C707FA7C79B9}.Release|x64.ActiveCfg = Release|x64
		{54C6D3F1-6C10-34A2-B389-C707FA7C79B9}.Release|x64.Build.0 = Release|x64
		{54C6D3F1-6C10-34A2-B389-C707FA7C79B9}.MinSizeRel|x64.ActiveCfg = MinSizeRel|x64
		{54C6D3F1-6C10-34A2-B389-C707FA7C79B9}.MinSizeRel|x64.Build.0 = MinSizeRel|x64
		{54C6D3F1-6C10-34A2-B389-C707FA7C79B9}.RelWithDebInfo|x64.ActiveCfg = RelWithDebInfo|x64
		{54C6D3F1-6C10-34A2-B389-C707FA7C79B9}.RelWithDebInfo|x64.Build.0 = RelWithDebInfo|x64
		{663EF24A-E2C2-3C30-989B-A2F1080C9B4E}.Debug|x64.ActiveCfg = Debug|x64
		{663EF24A-E2C2-3C30-989B-A2F1080C9B4E}.Release|x64.ActiveCfg = Release|x64
		{663EF24A-E2C2-3C30-989B-A2F1080C9B4E}.MinSizeRel|x64.ActiveCfg = MinSizeRel|x64
		{663EF24A-E2C2-3C30-989B-A2F1080C9B4E}.RelWithDebInfo|x64.ActiveCfg = RelWithDebInfo|x64
		{C7F48CCD-21D4-36D2-AFC7-4E09F6DCE33A}.Debug|x64.ActiveCfg = Debug|x64
		{C7F48CCD-21D4-36D2-AFC7-4E09F6DCE33A}.Debug|x64.Build.0 = Debug|x64
		{C7F48CCD-21D4-36D2-AFC7-4E09F6DCE33A}.Release|x64.ActiveCfg = Release|x64
		{C7F48CCD-21D4-36D2-AFC7-4E09F6DCE33A}.Release|x64.Build.0 = Release|x64
		{C7F48CCD-21D4-36D2-AFC7-4E09F6DCE33A}.MinSizeRel|x64.ActiveCfg = MinSizeRel|x64
		{C7F48CCD-21D4-36D2-AFC7-4E09F6DCE33A}.MinSizeRel|x64.Build.0 = MinSizeRel|x64
		{C7F48CCD-21D4-36D2-AFC7-4E09F6DCE33A}.RelWithDebInfo|x64.ActiveCfg = RelWithDebInfo|x64
		{C7F48CCD-21D4-36D2-AFC7-4E09F6DCE33A}.RelWithDebInfo|x64.Build.0 = RelWithDebInfo|x64
		{7FF53887-F113-34BF-8AD5-F57D7CFF7B79}.Debug|x64.ActiveCfg = Debug|x64
		{7FF53887-F113-34BF-8AD5-F57D7CFF7B79}.Debug|x64.Build.0 = Debug|x64
		{7FF53887-F113-34BF-8AD5-F57D7CFF7B79}.Release|x64.ActiveCfg = Release|x64
		{7FF53887-F113-34BF-8AD5-F57D7CFF7B79}.Release|x64.Build.0 = Release|x64
		{7FF53887-F113-34BF-8AD5-F57D7CFF7B79}.MinSizeRel|x64.ActiveCfg = MinSizeRel|x64
		{7FF53887-F113-34BF-8AD5-F57D7CFF7B79}.MinSizeRel|x64.Build.0 = MinSizeRel|x64
		{7FF53887-F113-34BF-8AD5-F57D7CFF7B79}.RelWithDebInfo|x64.ActiveCfg = RelWithDebInfo|x64
		{7FF53887-F113-34BF-8AD5-F57D7CFF7B79}.RelWithDebInfo|x64.Build.0 = RelWithDebInfo|x64
		{9DDA3378-B720-34E7-962C-56B9CEE50EFC}.Debug|x64.ActiveCfg = Debug|x64
		{9DDA3378-B720-34E7-962C-56B9CEE50EFC}.Debug|x64.Build.0 = Debug|x64
		{9DDA3378-B720-34E7-962C-56B9CEE50EFC}.Release|x64.ActiveCfg = Release|x64
		{9DDA3378-B720-34E7-962C-56B9CEE50EFC}.Release|x64.Build.0 = Release|x64
		{9DDA3378-B720-34E7-962C-56B9CEE50EFC}.MinSizeRel|x64.ActiveCfg = MinSizeRel|x64
		{9DDA3378-B720-34E7-962C-56B9CEE50EFC}.MinSizeRel|x64.Build.0 = MinSizeRel|x64
		{9DDA3378-B720-34E7-962C-56B9CEE50EFC}.RelWithDebInfo|x64.ActiveCfg = RelWithDebInfo|x64
		{9DDA3378-B720-34E7-962C-56B9CEE50EFC}.RelWithDebInfo|x64.Build.0 = RelWithDebInfo|x64
		{967BE294-54FE-3D23-BF0C-2BCADA64FEDC}.Debug|x64.ActiveCfg = Debug|x64
		{967BE294-54FE-3D23-BF0C-2BCADA64FEDC}.Debug|x64.Build.0 = Debug|x64
		{967BE294-54FE-3D23-BF0C-2BCADA64FEDC}.Release|x64.ActiveCfg = Release|x64
		{967BE294-54FE-3D23-BF0C-2BCADA64FEDC}.Release|x64.Build.0 = Release|x64
		{967BE294-54FE-3D23-BF0C-2BCADA64FEDC}.MinSizeRel|x64.ActiveCfg = MinSizeRel|x64
		{967BE294-54FE-3D23-BF0C-2BCADA64FEDC}.MinSizeRel|x64.Build.0 = MinSizeRel|x64
		{967BE294-54FE-3D23-BF0C-2BCADA64FEDC}.RelWithDebInfo|x64.ActiveCfg = RelWithDebInfo|x64
		{967BE294-54FE-3D23-BF0C-2BCADA64FEDC}.RelWithDebInfo|x64.Build.0 = RelWithDebInfo|x64
		{5FEA9FB5-988D-336A-A816-84509DD79D47}.Debug|x64.ActiveCfg = Debug|x64
		{5FEA9FB5-988D-336A-A816-84509DD79D47}.Debug|x64.Build.0 = Debug|x64
		{5FEA9FB5-988D-336A-A816-84509DD79D47}.Release|x64.ActiveCfg = Release|x64
		{5FEA9FB5-988D-336A-A816-84509DD79D47}.Release|x64.Build.0 = Release|x64
		{5FEA9FB5-988D-336A-A816-84509DD79D47}.MinSizeRel|x64.ActiveCfg = MinSizeRel|x64
		{5FEA9FB5-988D-336A-A816-84509DD79D47}.MinSizeRel|x64.Build.0 = MinSizeRel|x64
		{5FEA9FB5-988D-336A-A816-84509DD79D47}.RelWithDebInfo|x64.ActiveCfg = RelWithDebInfo|x64
		{5FEA9FB5-988D-336A-A816-84509DD79D47}.RelWithDebInfo|x64.Build.0 = RelWithDebInfo|x64
		{91DE2EEE-A66B-3AC1-A3CB-CABF7D3BC020}.Debug|x64.ActiveCfg = Debug|x64
		{91DE2EEE-A66B-3AC1-A3CB-CABF7D3BC020}.Debug|x64.Build.0 = Debug|x64
		{91DE2EEE-A66B-3AC1-A3CB-CABF7D3BC020}.Release|x64.ActiveCfg = Release|x64
		{91DE2EEE-A66B-3AC1-A3CB-CABF7D3BC020}.Release|x64.Build.0 = Release|x64
		{91DE2EEE-A66B-3AC1-A3CB-CABF7D3BC020}.MinSizeRel|x64.ActiveCfg = MinSizeRel|x64
		{91DE2EEE-A66B-3AC1-A3CB-CABF7D3BC020}.MinSizeRel|x64.Build.0 = MinSizeRel|x64
		{91DE2EEE-A66B-3AC1-A3CB-CABF7D3BC020}.RelWithDebInfo|x64.ActiveCfg = RelWithDebInfo|x64
		{91DE2EEE-A66B-3AC1-A3CB-CABF7D3BC020}.RelWithDebInfo|x64.Build.0 = RelWithDebInfo|x64
		{A043A080-6DDE-3E9A-AE65-F239B952B440}.Debug|x64.ActiveCfg = Debug|x64
		{A043A080-6DDE-3E9A-AE65-F239B952B440}.Debug|x64.Build.0 = Debug|x64
		{A043A080-6DDE-3E9A-AE65-F239B952B440}.Release|x64.ActiveCfg = Release|x64
		{A043A080-6DDE-3E9A-AE65-F239B952B440}.Release|x64.Build.0 = Release|x64
		{A043A080-6DDE-3E9A-AE65-F239B952B440}.MinSizeRel|x64.ActiveCfg = MinSizeRel|x64
		{A043A080-6DDE-3E9A-AE65-F239B952B440}.MinSizeRel|x64.Build.0 = MinSizeRel|x64
		{A043A080-6DDE-3E9A-AE65-F239B952B440}.RelWithDebInfo|x64.ActiveCfg = RelWithDebInfo|x64
		{A043A080-6DDE-3E9A-AE65-F239B952B440}.RelWithDebInfo|x64.Build.0 = RelWithDebInfo|x64
		{ED3A7EF4-61DE-3AB4-9AE4-BDE18F6A20D4}.Debug|x64.ActiveCfg = Debug|x64
		{ED3A7EF4-61DE-3AB4-9AE4-BDE18F6A20D4}.Debug|x64.Build.0 = Debug|x64
		{ED3A7EF4-61DE-3AB4-9AE4-BDE18F6A20D4}.Release|x64.ActiveCfg = Release|x64
		{ED3A7EF4-61DE-3AB4-9AE4-BDE18F6A20D4}.Release|x64.Build.0 = Release|x64
		{ED3A7EF4-61DE-3AB4-9AE4-BDE18F6A20D4}.MinSizeRel|x64.ActiveCfg = MinSizeRel|x64
		{ED3A7EF4-61DE-3AB4-9AE4-BDE18F6A20D4}.MinSizeRel|x64.Build.0 = MinSizeRel|x64
		{ED3A7EF4-61DE-3AB4-9AE4-BDE18F6A20D4}.RelWithDebInfo|x64.ActiveCfg = RelWithDebInfo|x64
		{ED3A7EF4-61DE-3AB4-9AE4-BDE18F6A20D4}.RelWithDebInfo|x64.Build.0 = RelWithDebInfo|x64
		{A3471A85-027F-3D4F-9A81-969773032251}.Debug|x64.ActiveCfg = Debug|x64
		{A3471A85-027F-3D4F-9A81-969773032251}.Debug|x64.Build.0 = Debug|x64
		{A3471A85-027F-3D4F-9A81-969773032251}.Release|x64.ActiveCfg = Release|x64
		{A3471A85-027F-3D4F-9A81-969773032251}.Release|x64.Build.0 = Release|x64
		{A3471A85-027F-3D4F-9A81-969773032251}.MinSizeRel|x64.ActiveCfg = MinSizeRel|x64
		{A3471A85-027F-3D4F-9A81-969773032251}.MinSizeRel|x64.Build.0 = MinSizeRel|x64
		{A3471A85-027F-3D4F-9A81-969773032251}.RelWithDebInfo|x64.ActiveCfg = RelWithDebInfo|x64
		{A3471A85-027F-3D4F-9A81-969773032251}.RelWithDebInfo|x64.Build.0 = RelWithDebInfo|x64
		{9A39C880-9193-3B53-AD45-4CBE86ADF582}.Debug|x64.ActiveCfg = Debug|x64
		{9A39C880-9193-3B53-AD45-4CBE86ADF582}.Debug|x64.Build.0 = Debug|x64
		{9A39C880-9193-3B53-AD45-4CBE86ADF582}.Release|x64.ActiveCfg = Release|x64
		{9A39C880-9193-3B53-AD45-4CBE86ADF582}.Release|x64.Build.0 = Release|x64
		{9A39C880-9193-3B53-AD45-4CBE86ADF582}.MinSizeRel|x64.ActiveCfg = MinSizeRel|x64
		{9A39C880-9193-3B53-AD45-4CBE86ADF582}.MinSizeRel|x64.Build.0 = MinSizeRel|x64
		{9A39C880-9193-3B53-AD45-4CBE86ADF582}.RelWithDebInfo|x64.ActiveCfg = RelWithDebInfo|x64
		{9A39C880-9193-3B53-AD45-4CBE86ADF582}.RelWithDebInfo|x64.Build.0 = RelWithDebInfo|x64
		{3A430DCA-E849-396C-85FD-E0DF137F369C}.Debug|x64.ActiveCfg = Debug|x64
		{3A430DCA-E849-396C-85FD-E0DF137F369C}.Debug|x64.Build.0 = Debug|x64
		{3A430DCA-E849-396C-85FD-E0DF137F369C}.Release|x64.ActiveCfg = Release|x64
		{3A430DCA-E849-396C-85FD-E0DF137F369C}.Release|x64.Build.0 = Release|x64
		{3A430DCA-E849-396C-85FD-E0DF137F369C}.MinSizeRel|x64.ActiveCfg = MinSizeRel|x64
		{3A430DCA-E849-396C-85FD-E0DF137F369C}.MinSizeRel|x64.Build.0 = MinSizeRel|x64
		{3A430DCA-E849-396C-85FD-E0DF137F369C}.RelWithDebInfo|x64.ActiveCfg = RelWithDebInfo|x64
		{3A430DCA-E849-396C-85FD-E0DF137F369C}.RelWithDebInfo|x64.Build.0 = RelWithDebInfo|x64
		{AC350C2E-08AE-312B-8C48-1B827A5465E8}.Debug|x64.ActiveCfg = Debug|x64
		{AC350C2E-08AE-312B-8C48-1B827A5465E8}.Debug|x64.Build.0 = Debug|x64
		{AC350C2E-08AE-312B-8C48-1B827A5465E8}.Release|x64.ActiveCfg = Release|x64
		{AC350C2E-08AE-312B-8C48-1B827A5465E8}.Release|x64.Build.0 = Release|x64
		{AC350C2E-08AE-312B-8C48-1B827A5465E8}.MinSizeRel|x64.ActiveCfg = MinSizeRel|x64
		{AC350C2E-08AE-312B-8C48-1B827A5465E8}.MinSizeRel|x64.Build.0 = MinSizeRel|x64
		{AC350C2E-08AE-312B-8C48-1B827A5465E8}.RelWithDebInfo|x64.ActiveCfg = RelWithDebInfo|x64
		{AC350C2E-08AE-312B-8C48-1B827A5465E8}.RelWithDebInfo|x64.Build.0 = RelWithDebInfo|x64
		{A2C4339A-0369-3FE0-BA3B-B89F7AA69367}.Debug|x64.ActiveCfg = Debug|x64
		{A2C4339A-0369-3FE0-BA3B-B89F7AA69367}.Debug|x64.Build.0 = Debug|x64
		{A2C4339A-0369-3FE0-BA3B-B89F7AA69367}.Release|x64.ActiveCfg = Release|x64
		{A2C4339A-0369-3FE0-BA3B-B89F7AA69367}.Release|x64.Build.0 = Release|x64
		{A2C4339A-0369-3FE0-BA3B-B89F7AA69367}.MinSizeRel|x64.ActiveCfg = MinSizeRel|x64
		{A2C4339A-0369-3FE0-BA3B-B89F7AA69367}.MinSizeRel|x64.Build.0 = MinSizeRel|x64
		{A2C4339A-0369-3FE0-BA3B-B89F7AA69367}.RelWithDebInfo|x64.ActiveCfg = RelWithDebInfo|x64
		{A2C4339A-0369-3FE0-BA3B-B89F7AA69367}.RelWithDebInfo|x64.Build.0 = RelWithDebInfo|x64
		{299506C9-B6E2-33FF-A6F6-F2FC60A6D328}.Debug|x64.ActiveCfg = Debug|x64
		{299506C9-B6E2-33FF-A6F6-F2FC60A6D328}.Debug|x64.Build.0 = Debug|x64
		{299506C9-B6E2-33FF-A6F6-F2FC60A6D328}.Release|x64.ActiveCfg = Release|x64
		{299506C9-B6E2-33FF-A6F6-F2FC60A6D328}.Release|x64.Build.0 = Release|x64
		{299506C9-B6E2-33FF-A6F6-F2FC60A6D328}.MinSizeRel|x64.ActiveCfg = MinSizeRel|x64
		{299506C9-B6E2-33FF-A6F6-F2FC60A6D328}.MinSizeRel|x64.Build.0 = MinSizeRel|x64
		{299506C9-B6E2-33FF-A6F6-F2FC60A6D328}.RelWithDebInfo|x64.ActiveCfg = RelWithDebInfo|x64
		{299506C9-B6E2-33FF-A6F6-F2FC60A6D328}.RelWithDebInfo|x64.Build.0 = RelWithDebInfo|x64
		{BCF1E786-3005-36F5-BECC-9AC4697E3A3C}.Debug|x64.ActiveCfg = Debug|x64
		{BCF1E786-3005-36F5-BECC-9AC4697E3A3C}.Debug|x64.Build.0 = Debug|x64
		{BCF1E786-3005-36F5-BECC-9AC4697E3A3C}.Release|x64.ActiveCfg = Release|x64
		{BCF1E786-3005-36F5-BECC-9AC4697E3A3C}.Release|x64.Build.0 = Release|x64
		{BCF1E786-3005-36F5-BECC-9AC4697E3A3C}.MinSizeRel|x64.ActiveCfg = MinSizeRel|x64
		{BCF1E786-3005-36F5-BECC-9AC4697E3A3C}.MinSizeRel|x64.Build.0 = MinSizeRel|x64
		{BCF1E786-3005-36F5-BECC-9AC4697E3A3C}.RelWithDebInfo|x64.ActiveCfg = RelWithDebInfo|x64
		{BCF1E786-3005-36F5-BECC-9AC4697E3A3C}.RelWithDebInfo|x64.Build.0 = RelWithDebInfo|x64
		{D838DAEC-3058-3FC2-B6C9-43782144A534}.Debug|x64.ActiveCfg = Debug|x64
		{D838DAEC-3058-3FC2-B6C9-43782144A534}.Debug|x64.Build.0 = Debug|x64
		{D838DAEC-3058-3FC2-B6C9-43782144A534}.Release|x64.ActiveCfg = Release|x64
		{D838DAEC-3058-3FC2-B6C9-43782144A534}.Release|x64.Build.0 = Release|x64
		{D838DAEC-3058-3FC2-B6C9-43782144A534}.MinSizeRel|x64.ActiveCfg = MinSizeRel|x64
		{D838DAEC-3058-3FC2-B6C9-43782144A534}.MinSizeRel|x64.Build.0 = MinSizeRel|x64
		{D838DAEC-3058-3FC2-B6C9-43782144A534}.RelWithDebInfo|x64.ActiveCfg = RelWithDebInfo|x64
		{D838DAEC-3058-3FC2-B6C9-43782144A534}.RelWithDebInfo|x64.Build.0 = RelWithDebInfo|x64
		{683BAD4A-11EF-3F1E-9A4B-4D129294EA6C}.Debug|x64.ActiveCfg = Debug|x64
		{683BAD4A-11EF-3F1E-9A4B-4D129294EA6C}.Debug|x64.Build.0 = Debug|x64
		{683BAD4A-11EF-3F1E-9A4B-4D129294EA6C}.Release|x64.ActiveCfg = Release|x64
		{683BAD4A-11EF-3F1E-9A4B-4D129294EA6C}.Release|x64.Build.0 = Release|x64
		{683BAD4A-11EF-3F1E-9A4B-4D129294EA6C}.MinSizeRel|x64.ActiveCfg = MinSizeRel|x64
		{683BAD4A-11EF-3F1E-9A4B-4D129294EA6C}.MinSizeRel|x64.Build.0 = MinSizeRel|x64
		{683BAD4A-11EF-3F1E-9A4B-4D129294EA6C}.RelWithDebInfo|x64.ActiveCfg = RelWithDebInfo|x64
		{683BAD4A-11EF-3F1E-9A4B-4D129294EA6C}.RelWithDebInfo|x64.Build.0 = RelWithDebInfo|x64
		{19DFA968-81CF-3466-BF50-4A5E7AA2B398}.Debug|x64.ActiveCfg = Debug|x64
		{19DFA968-81CF-3466-BF50-4A5E7AA2B398}.Debug|x64.Build.0 = Debug|x64
		{19DFA968-81CF-3466-BF50-4A5E7AA2B398}.Release|x64.ActiveCfg = Release|x64
		{19DFA968-81CF-3466-BF50-4A5E7AA2B398}.Release|x64.Build.0 = Release|x64
		{19DFA968-81CF-3466-BF50-4A5E7AA2B398}.MinSizeRel|x64.ActiveCfg = MinSizeRel|x64
		{19DFA968-81CF-3466-BF50-4A5E7AA2B398}.MinSizeRel|x64.Build.0 = MinSizeRel|x64
		{19DFA968-81CF-3466-BF50-4A5E7AA2B398}.RelWithDebInfo|x64.ActiveCfg = RelWithDebInfo|x64
		{19DFA968-81CF-3466-BF50-4A5E7AA2B398}.RelWithDebInfo|x64.Build.0 = RelWithDebInfo|x64
		{9CADCC32-AC76-312D-AD00-CF3DEB347783}.Debug|x64.ActiveCfg = Debug|x64
		{9CADCC32-AC76-312D-AD00-CF3DEB347783}.Debug|x64.Build.0 = Debug|x64
		{9CADCC32-AC76-312D-AD00-CF3DEB347783}.Release|x64.ActiveCfg = Release|x64
		{9CADCC32-AC76-312D-AD00-CF3DEB347783}.Release|x64.Build.0 = Release|x64
		{9CADCC32-AC76-312D-AD00-CF3DEB347783}.MinSizeRel|x64.ActiveCfg = MinSizeRel|x64
		{9CADCC32-AC76-312D-AD00-CF3DEB347783}.MinSizeRel|x64.Build.0 = MinSizeRel|x64
		{9CADCC32-AC76-312D-AD00-CF3DEB347783}.RelWithDebInfo|x64.ActiveCfg = RelWithDebInfo|x64
		{9CADCC32-AC76-312D-AD00-CF3DEB347783}.RelWithDebInfo|x64.Build.0 = RelWithDebInfo|x64
		{DDA3D488-2EA8-3468-856B-DBAC95EDE1AA}.Debug|x64.ActiveCfg = Debug|x64
		{DDA3D488-2EA8-3468-856B-DBAC95EDE1AA}.Debug|x64.Build.0 = Debug|x64
		{DDA3D488-2EA8-3468-856B-DBAC95EDE1AA}.Release|x64.ActiveCfg = Release|x64
		{DDA3D488-2EA8-3468-856B-DBAC95EDE1AA}.Release|x64.Build.0 = Release|x64
		{DDA3D488-2EA8-3468-856B-DBAC95EDE1AA}.MinSizeRel|x64.ActiveCfg = MinSizeRel|x64
		{DDA3D488-2EA8-3468-856B-DBAC95EDE1AA}.MinSizeRel|x64.Build.0 = MinSizeRel|x64
		{DDA3D488-2EA8-3468-856B-DBAC95EDE1AA}.RelWithDebInfo|x64.ActiveCfg = RelWithDebInfo|x64
		{DDA3D488-2EA8-3468-856B-DBAC95EDE1AA}.RelWithDebInfo|x64.Build.0 = RelWithDebInfo|x64
		{1C79941D-0B78-3D23-BD58-6834384C857F}.Debug|x64.ActiveCfg = Debug|x64
		{1C79941D-0B78-3D23-BD58-6834384C857F}.Debug|x64.Build.0 = Debug|x64
		{1C79941D-0B78-3D23-BD58-6834384C857F}.Release|x64.ActiveCfg = Release|x64
		{1C79941D-0B78-3D23-BD58-6834384C857F}.Release|x64.Build.0 = Release|x64
		{1C79941D-0B78-3D23-BD58-6834384C857F}.MinSizeRel|x64.ActiveCfg = MinSizeRel|x64
		{1C79941D-0B78-3D23-BD58-6834384C857F}.MinSizeRel|x64.Build.0 = MinSizeRel|x64
		{1C79941D-0B78-3D23-BD58-6834384C857F}.RelWithDebInfo|x64.ActiveCfg = RelWithDebInfo|x64
		{1C79941D-0B78-3D23-BD58-6834384C857F}.RelWithDebInfo|x64.Build.0 = RelWithDebInfo|x64
		{AD16433D-67D9-3AF3-ABC4-4BEF51650A7C}.Debug|x64.ActiveCfg = Debug|x64
		{AD16433D-67D9-3AF3-ABC4-4BEF51650A7C}.Debug|x64.Build.0 = Debug|x64
		{AD16433D-67D9-3AF3-ABC4-4BEF51650A7C}.Release|x64.ActiveCfg = Release|x64
		{AD16433D-67D9-3AF3-ABC4-4BEF51650A7C}.Release|x64.Build.0 = Release|x64
		{AD16433D-67D9-3AF3-ABC4-4BEF51650A7C}.MinSizeRel|x64.ActiveCfg = MinSizeRel|x64
		{AD16433D-67D9-3AF3-ABC4-4BEF51650A7C}.MinSizeRel|x64.Build.0 = MinSizeRel|x64
		{AD16433D-67D9-3AF3-ABC4-4BEF51650A7C}.RelWithDebInfo|x64.ActiveCfg = RelWithDebInfo|x64
		{AD16433D-67D9-3AF3-ABC4-4BEF51650A7C}.RelWithDebInfo|x64.Build.0 = RelWithDebInfo|x64
		{3EB558CC-8A30-3593-9D65-07DF205423E2}.Debug|x64.ActiveCfg = Debug|x64
		{3EB558CC-8A30-3593-9D65-07DF205423E2}.Debug|x64.Build.0 = Debug|x64
		{3EB558CC-8A30-3593-9D65-07DF205423E2}.Release|x64.ActiveCfg = Release|x64
		{3EB558CC-8A30-3593-9D65-07DF205423E2}.Release|x64.Build.0 = Release|x64
		{3EB558CC-8A30-3593-9D65-07DF205423E2}.MinSizeRel|x64.ActiveCfg = MinSizeRel|x64
		{3EB558CC-8A30-3593-9D65-07DF205423E2}.MinSizeRel|x64.Build.0 = MinSizeRel|x64
		{3EB558CC-8A30-3593-9D65-07DF205423E2}.RelWithDebInfo|x64.ActiveCfg = RelWithDebInfo|x64
		{3EB558CC-8A30-3593-9D65-07DF205423E2}.RelWithDebInfo|x64.Build.0 = RelWithDebInfo|x64
		{4D10BD4A-983D-3ECE-B24D-BBD1C3A033AA}.Debug|x64.ActiveCfg = Debug|x64
		{4D10BD4A-983D-3ECE-B24D-BBD1C3A033AA}.Release|x64.ActiveCfg = Release|x64
		{4D10BD4A-983D-3ECE-B24D-BBD1C3A033AA}.MinSizeRel|x64.ActiveCfg = MinSizeRel|x64
		{4D10BD4A-983D-3ECE-B24D-BBD1C3A033AA}.RelWithDebInfo|x64.ActiveCfg = RelWithDebInfo|x64
		{977BE5A8-BB93-34D9-99D6-A33AE352D559}.Debug|x64.ActiveCfg = Debug|x64
		{977BE5A8-BB93-34D9-99D6-A33AE352D559}.Debug|x64.Build.0 = Debug|x64
		{977BE5A8-BB93-34D9-99D6-A33AE352D559}.Release|x64.ActiveCfg = Release|x64
		{977BE5A8-BB93-34D9-99D6-A33AE352D559}.Release|x64.Build.0 = Release|x64
		{977BE5A8-BB93-34D9-99D6-A33AE352D559}.MinSizeRel|x64.ActiveCfg = MinSizeRel|x64
		{977BE5A8-BB93-34D9-99D6-A33AE352D559}.MinSizeRel|x64.Build.0 = MinSizeRel|x64
		{977BE5A8-BB93-34D9-99D6-A33AE352D559}.RelWithDebInfo|x64.ActiveCfg = RelWithDebInfo|x64
		{977BE5A8-BB93-34D9-99D6-A33AE352D559}.RelWithDebInfo|x64.Build.0 = RelWithDebInfo|x64
		{6A84715D-B799-3A53-BD3C-E9A7BD5A934A}.Debug|x64.ActiveCfg = Debug|x64
		{6A84715D-B799-3A53-BD3C-E9A7BD5A934A}.Debug|x64.Build.0 = Debug|x64
		{6A84715D-B799-3A53-BD3C-E9A7BD5A934A}.Release|x64.ActiveCfg = Release|x64
		{6A84715D-B799-3A53-BD3C-E9A7BD5A934A}.Release|x64.Build.0 = Release|x64
		{6A84715D-B799-3A53-BD3C-E9A7BD5A934A}.MinSizeRel|x64.ActiveCfg = MinSizeRel|x64
		{6A84715D-B799-3A53-BD3C-E9A7BD5A934A}.MinSizeRel|x64.Build.0 = MinSizeRel|x64
		{6A84715D-B799-3A53-BD3C-E9A7BD5A934A}.RelWithDebInfo|x64.ActiveCfg = RelWithDebInfo|x64
		{6A84715D-B799-3A53-BD3C-E9A7BD5A934A}.RelWithDebInfo|x64.Build.0 = RelWithDebInfo|x64
	EndGlobalSection
	GlobalSection(NestedProjects) = preSolution
		{54C6D3F1-6C10-34A2-B389-C707FA7C79B9} = {1194E9CC-6630-325E-9805-0831FF682489}
		{663EF24A-E2C2-3C30-989B-A2F1080C9B4E} = {1194E9CC-6630-325E-9805-0831FF682489}
		{C7F48CCD-21D4-36D2-AFC7-4E09F6DCE33A} = {1194E9CC-6630-325E-9805-0831FF682489}
		{2D5F9F42-0E27-30EA-B0D7-C4A9E31732C5} = {23A2CCD2-964C-347B-B5EF-4D2425476067}
		{AE9C550B-3F91-3470-93FB-38F8E5FD492D} = {23A2CCD2-964C-347B-B5EF-4D2425476067}
		{A3471A85-027F-3D4F-9A81-969773032251} = {23A2CCD2-964C-347B-B5EF-4D2425476067}
		{7FF53887-F113-34BF-8AD5-F57D7CFF7B79} = {2D5F9F42-0E27-30EA-B0D7-C4A9E31732C5}
		{ED3A7EF4-61DE-3AB4-9AE4-BDE18F6A20D4} = {2D5F9F42-0E27-30EA-B0D7-C4A9E31732C5}
		{3A430DCA-E849-396C-85FD-E0DF137F369C} = {2D5F9F42-0E27-30EA-B0D7-C4A9E31732C5}
		{D838DAEC-3058-3FC2-B6C9-43782144A534} = {2D5F9F42-0E27-30EA-B0D7-C4A9E31732C5}
		{9CADCC32-AC76-312D-AD00-CF3DEB347783} = {2D5F9F42-0E27-30EA-B0D7-C4A9E31732C5}
		{DDA3D488-2EA8-3468-856B-DBAC95EDE1AA} = {2D5F9F42-0E27-30EA-B0D7-C4A9E31732C5}
		{977BE5A8-BB93-34D9-99D6-A33AE352D559} = {2D5F9F42-0E27-30EA-B0D7-C4A9E31732C5}
		{9DDA3378-B720-34E7-962C-56B9CEE50EFC} = {AE9C550B-3F91-3470-93FB-38F8E5FD492D}
		{967BE294-54FE-3D23-BF0C-2BCADA64FEDC} = {AE9C550B-3F91-3470-93FB-38F8E5FD492D}
		{5FEA9FB5-988D-336A-A816-84509DD79D47} = {AE9C550B-3F91-3470-93FB-38F8E5FD492D}
		{91DE2EEE-A66B-3AC1-A3CB-CABF7D3BC020} = {AE9C550B-3F91-3470-93FB-38F8E5FD492D}
		{A043A080-6DDE-3E9A-AE65-F239B952B440} = {AE9C550B-3F91-3470-93FB-38F8E5FD492D}
		{9A39C880-9193-3B53-AD45-4CBE86ADF582} = {AE9C550B-3F91-3470-93FB-38F8E5FD492D}
		{AC350C2E-08AE-312B-8C48-1B827A5465E8} = {AE9C550B-3F91-3470-93FB-38F8E5FD492D}
		{A2C4339A-0369-3FE0-BA3B-B89F7AA69367} = {AE9C550B-3F91-3470-93FB-38F8E5FD492D}
		{299506C9-B6E2-33FF-A6F6-F2FC60A6D328} = {AE9C550B-3F91-3470-93FB-38F8E5FD492D}
		{BCF1E786-3005-36F5-BECC-9AC4697E3A3C} = {AE9C550B-3F91-3470-93FB-38F8E5FD492D}
		{683BAD4A-11EF-3F1E-9A4B-4D129294EA6C} = {AE9C550B-3F91-3470-93FB-38F8E5FD492D}
		{19DFA968-81CF-3466-BF50-4A5E7AA2B398} = {AE9C550B-3F91-3470-93FB-38F8E5FD492D}
		{1C79941D-0B78-3D23-BD58-6834384C857F} = {AE9C550B-3F91-3470-93FB-38F8E5FD492D}
		{AD16433D-67D9-3AF3-ABC4-4BEF51650A7C} = {AE9C550B-3F91-3470-93FB-38F8E5FD492D}
		{3EB558CC-8A30-3593-9D65-07DF205423E2} = {AE9C550B-3F91-3470-93FB-38F8E5FD492D}
		{6A84715D-B799-3A53-BD3C-E9A7BD5A934A} = {AE9C550B-3F91-3470-93FB-38F8E5FD492D}
	EndGlobalSection
	GlobalSection(ExtensibilityGlobals) = postSolution
		SolutionGuid = {16E1DAD2-4CD2-32AC-B90C-37436C802E74}
	EndGlobalSection
	GlobalSection(ExtensibilityAddIns) = postSolution
	EndGlobalSection
EndGlobal
